
Microsoft Visual Studio Solution File, Format Version 12.00
# Visual Studio Version 16
VisualStudioVersion = 16.0.29519.87
MinimumVisualStudioVersion = 10.0.40219.1
Project("{9A19103F-16F7-4668-BE54-9A1E7A4F7556}") = "Project", "Project.csproj", "{F3685CD1-50BF-4588-8FD8-4FF64C29E124}"
EndProject
Global
	GlobalSection(SolutionConfigurationPlatforms) = preSolution
		Debug|Any CPU = Debug|Any CPU
		Release|Any CPU = Release|Any CPU
	EndGlobalSection
	GlobalSection(ProjectConfigurationPlatforms) = postSolution
		{F3685CD1-50BF-4588-8FD8-4FF64C29E124}.Debug|Any CPU.ActiveCfg = Debug|Any CPU
		{F3685CD1-50BF-4588-8FD8-4FF64C29E124}.Debug|Any CPU.Build.0 = Debug|Any CPU
		{F3685CD1-50BF-4588-8FD8-4FF64C29E124}.Release|Any CPU.ActiveCfg = Release|Any CPU
		{F3685CD1-50BF-4588-8FD8-4FF64C29E124}.Release|Any CPU.Build.0 = Release|Any CPU
	EndGlobalSection
	GlobalSection(SolutionProperties) = preSolution
		HideSolutionNode = FALSE
	EndGlobalSection
	GlobalSection(ExtensibilityGlobals) = postSolution
		SolutionGuid = {40AD61F1-6DA5-4626-8249-2864329E3800}
	EndGlobalSection
EndGlobal
